
Microsoft Visual Studio Solution File, Format Version 12.00
# Visual Studio 15
VisualStudioVersion = 15.0.28010.2048
MinimumVisualStudioVersion = 10.0.40219.1
Project("{FAE04EC0-301F-11D3-BF4B-00C04F79EFBC}") = "FatFileFinder", "FatFileFinder\FatFileFinder.csproj", "{B8902716-67B0-4828-84A6-2B79AA1D19C0}"
EndProject
Global
	GlobalSection(SolutionConfigurationPlatforms) = preSolution
		Debug|Any CPU = Debug|Any CPU
		Release|Any CPU = Release|Any CPU
	EndGlobalSection
	GlobalSection(ProjectConfigurationPlatforms) = postSolution
		{B8902716-67B0-4828-84A6-2B79AA1D19C0}.Debug|Any CPU.ActiveCfg = Debug|Any CPU
		{B8902716-67B0-4828-84A6-2B79AA1D19C0}.Debug|Any CPU.Build.0 = Debug|Any CPU
		{B8902716-67B0-4828-84A6-2B79AA1D19C0}.Release|Any CPU.ActiveCfg = Release|Any CPU
		{B8902716-67B0-4828-84A6-2B79AA1D19C0}.Release|Any CPU.Build.0 = Release|Any CPU
	EndGlobalSection
	GlobalSection(SolutionProperties) = preSolution
		HideSolutionNode = FALSE
	EndGlobalSection
	GlobalSection(ExtensibilityGlobals) = postSolution
		SolutionGuid = {13F49DBC-BD14-4E8E-9B50-D910E481DD14}
	EndGlobalSection
EndGlobal
